
Microsoft Visual Studio Solution File, Format Version 12.00
# Visual Studio Version 16
VisualStudioVersion = 16.0.35325.158
MinimumVisualStudioVersion = 10.0.40219.1
Project("{FAE04EC0-301F-11D3-BF4B-00C04F79EFBC}") = "testConsole2", "testConsole2\testConsole2.csproj", "{981C57CE-0E40-4EF7-A368-770DFB720668}"
EndProject
Global
	GlobalSection(SolutionConfigurationPlatforms) = preSolution
		Debug|Any CPU = Debug|Any CPU
		Release|Any CPU = Release|Any CPU
	EndGlobalSection
	GlobalSection(ProjectConfigurationPlatforms) = postSolution
		{981C57CE-0E40-4EF7-A368-770DFB720668}.Debug|Any CPU.ActiveCfg = Debug|Any CPU
		{981C57CE-0E40-4EF7-A368-770DFB720668}.Debug|Any CPU.Build.0 = Debug|Any CPU
		{981C57CE-0E40-4EF7-A368-770DFB720668}.Release|Any CPU.ActiveCfg = Release|Any CPU
		{981C57CE-0E40-4EF7-A368-770DFB720668}.Release|Any CPU.Build.0 = Release|Any CPU
	EndGlobalSection
	GlobalSection(SolutionProperties) = preSolution
		HideSolutionNode = FALSE
	EndGlobalSection
	GlobalSection(ExtensibilityGlobals) = postSolution
		SolutionGuid = {40203F8F-FB3A-4510-BFAE-09E0A43F8A74}
	EndGlobalSection
EndGlobal
